
Microsoft Visual Studio Solution File, Format Version 12.00
# Visual Studio Version 17
VisualStudioVersion = 17.14.36414.22
MinimumVisualStudioVersion = 10.0.40219.1
Project("{8BC9CEB8-8B4A-11D0-8D11-00A0C91BC942}") = "Proyect Georgy 0.1", "Proyect Georgy 0.1\Proyect Georgy 0.1.vcxproj", "{6679B84E-1EFB-4C37-B0AC-5A9B8CEDAFD9}"
EndProject
Project("{2150E333-8FDC-42A3-9474-1A3956D46DE8}") = "Elementos de la solución", "Elementos de la solución", "{32128E24-F0BC-43F9-B589-88A664FEA55B}"
EndProject
Global
	GlobalSection(SolutionConfigurationPlatforms) = preSolution
		Debug|x64 = Debug|x64
		Debug|x86 = Debug|x86
		Release|x64 = Release|x64
		Release|x86 = Release|x86
	EndGlobalSection
	GlobalSection(ProjectConfigurationPlatforms) = postSolution
		{6679B84E-1EFB-4C37-B0AC-5A9B8CEDAFD9}.Debug|x64.ActiveCfg = Debug|x64
		{6679B84E-1EFB-4C37-B0AC-5A9B8CEDAFD9}.Debug|x64.Build.0 = Debug|x64
		{6679B84E-1EFB-4C37-B0AC-5A9B8CEDAFD9}.Debug|x86.ActiveCfg = Debug|Win32
		{6679B84E-1EFB-4C37-B0AC-5A9B8CEDAFD9}.Debug|x86.Build.0 = Debug|Win32
		{6679B84E-1EFB-4C37-B0AC-5A9B8CEDAFD9}.Release|x64.ActiveCfg = Release|x64
		{6679B84E-1EFB-4C37-B0AC-5A9B8CEDAFD9}.Release|x64.Build.0 = Release|x64
		{6679B84E-1EFB-4C37-B0AC-5A9B8CEDAFD9}.Release|x86.ActiveCfg = Release|Win32
		{6679B84E-1EFB-4C37-B0AC-5A9B8CEDAFD9}.Release|x86.Build.0 = Release|Win32
	EndGlobalSection
	GlobalSection(SolutionProperties) = preSolution
		HideSolutionNode = FALSE
	EndGlobalSection
	GlobalSection(ExtensibilityGlobals) = postSolution
		SolutionGuid = {DF05923E-7448-4BB8-A76E-37587CC224C8}
	EndGlobalSection
EndGlobal
